// !$*UTF8*$!
{
	archiveVersion = 1;
	classes = {
	};
	objectVersion = 77;
	objects = {

/* Begin PBXBuildFile section */
		522628482D636D4E004C37B0 /* FirebaseAnalytics in Frameworks */ = {isa = PBXBuildFile; productRef = 522628472D636D4E004C37B0 /* FirebaseAnalytics */; };
		5226284A2D636D4E004C37B0 /* FirebaseAnalyticsOnDeviceConversion in Frameworks */ = {isa = PBXBuildFile; productRef = 522628492D636D4E004C37B0 /* FirebaseAnalyticsOnDeviceConversion */; };
		5226284C2D636D4E004C37B0 /* FirebaseAnalyticsWithoutAdIdSupport in Frameworks */ = {isa = PBXBuildFile; productRef = 5226284B2D636D4E004C37B0 /* FirebaseAnalyticsWithoutAdIdSupport */; };
		5226284E2D636D4E004C37B0 /* FirebaseAppCheck in Frameworks */ = {isa = PBXBuildFile; productRef = 5226284D2D636D4E004C37B0 /* FirebaseAppCheck */; };
		522628502D636D4E004C37B0 /* FirebaseAppDistribution-Beta in Frameworks */ = {isa = PBXBuildFile; productRef = 5226284F2D636D4E004C37B0 /* FirebaseAppDistribution-Beta */; };
		522628932D636F7F004C37B0 /* FirebaseAuth in Frameworks */ = {isa = PBXBuildFile; productRef = 522628922D636F7F004C37B0 /* FirebaseAuth */; };
		522628952D636F7F004C37B0 /* FirebaseCore in Frameworks */ = {isa = PBXBuildFile; productRef = 522628942D636F7F004C37B0 /* FirebaseCore */; };
		522628972D636F7F004C37B0 /* FirebaseFirestore in Frameworks */ = {isa = PBXBuildFile; productRef = 522628962D636F7F004C37B0 /* FirebaseFirestore */; };
		522628992D636F7F004C37B0 /* FirebaseStorage in Frameworks */ = {isa = PBXBuildFile; productRef = 522628982D636F7F004C37B0 /* FirebaseStorage */; };
/* End PBXBuildFile section */

/* Begin PBXContainerItemProxy section */
		52B550682D5A15C000C8B31A /* PBXContainerItemProxy */ = {
			isa = PBXContainerItemProxy;
			containerPortal = 52B5504F2D5A15BF00C8B31A /* Project object */;
			proxyType = 1;
			remoteGlobalIDString = 52B550562D5A15BF00C8B31A;
			remoteInfo = AFPapp;
		};
		52B550722D5A15C000C8B31A /* PBXContainerItemProxy */ = {
			isa = PBXContainerItemProxy;
			containerPortal = 52B5504F2D5A15BF00C8B31A /* Project object */;
			proxyType = 1;
			remoteGlobalIDString = 52B550562D5A15BF00C8B31A;
			remoteInfo = AFPapp;
		};
/* End PBXContainerItemProxy section */

/* Begin PBXFileReference section */
		52B550572D5A15BF00C8B31A /* Swifty.app */ = {isa = PBXFileReference; explicitFileType = wrapper.application; includeInIndex = 0; path = Swifty.app; sourceTree = BUILT_PRODUCTS_DIR; };
		52B550672D5A15C000C8B31A /* SwiftyTests.xctest */ = {isa = PBXFileReference; explicitFileType = wrapper.cfbundle; includeInIndex = 0; path = SwiftyTests.xctest; sourceTree = BUILT_PRODUCTS_DIR; };
		52B550712D5A15C000C8B31A /* SwiftyUITests.xctest */ = {isa = PBXFileReference; explicitFileType = wrapper.cfbundle; includeInIndex = 0; path = SwiftyUITests.xctest; sourceTree = BUILT_PRODUCTS_DIR; };
/* End PBXFileReference section */

/* Begin PBXFileSystemSynchronizedRootGroup section */
		52B550592D5A15BF00C8B31A /* AFPapp */ = {
			isa = PBXFileSystemSynchronizedRootGroup;
			path = AFPapp;
			sourceTree = "<group>";
		};
		52B5506A2D5A15C000C8B31A /* AFPappTests */ = {
			isa = PBXFileSystemSynchronizedRootGroup;
			path = AFPappTests;
			sourceTree = "<group>";
		};
		52B550742D5A15C000C8B31A /* AFPappUITests */ = {
			isa = PBXFileSystemSynchronizedRootGroup;
			path = AFPappUITests;
			sourceTree = "<group>";
		};
/* End PBXFileSystemSynchronizedRootGroup section */

/* Begin PBXFrameworksBuildPhase section */
		52B550542D5A15BF00C8B31A /* Frameworks */ = {
			isa = PBXFrameworksBuildPhase;
			buildActionMask = 2147483647;
			files = (
				5226284E2D636D4E004C37B0 /* FirebaseAppCheck in Frameworks */,
				522628932D636F7F004C37B0 /* FirebaseAuth in Frameworks */,
				522628992D636F7F004C37B0 /* FirebaseStorage in Frameworks */,
				522628482D636D4E004C37B0 /* FirebaseAnalytics in Frameworks */,
				522628502D636D4E004C37B0 /* FirebaseAppDistribution-Beta in Frameworks */,
				522628952D636F7F004C37B0 /* FirebaseCore in Frameworks */,
				522628972D636F7F004C37B0 /* FirebaseFirestore in Frameworks */,
				5226284C2D636D4E004C37B0 /* FirebaseAnalyticsWithoutAdIdSupport in Frameworks */,
				5226284A2D636D4E004C37B0 /* FirebaseAnalyticsOnDeviceConversion in Frameworks */,
			);
			runOnlyForDeploymentPostprocessing = 0;
		};
		52B550642D5A15C000C8B31A /* Frameworks */ = {
			isa = PBXFrameworksBuildPhase;
			buildActionMask = 2147483647;
			files = (
			);
			runOnlyForDeploymentPostprocessing = 0;
		};
		52B5506E2D5A15C000C8B31A /* Frameworks */ = {
			isa = PBXFrameworksBuildPhase;
			buildActionMask = 2147483647;
			files = (
			);
			runOnlyForDeploymentPostprocessing = 0;
		};
/* End PBXFrameworksBuildPhase section */

/* Begin PBXGroup section */
		52B5504E2D5A15BF00C8B31A = {
			isa = PBXGroup;
			children = (
				52B550592D5A15BF00C8B31A /* AFPapp */,
				52B5506A2D5A15C000C8B31A /* AFPappTests */,
				52B550742D5A15C000C8B31A /* AFPappUITests */,
				52B550582D5A15BF00C8B31A /* Products */,
			);
			sourceTree = "<group>";
		};
		52B550582D5A15BF00C8B31A /* Products */ = {
			isa = PBXGroup;
			children = (
				52B550572D5A15BF00C8B31A /* Swifty.app */,
				52B550672D5A15C000C8B31A /* SwiftyTests.xctest */,
				52B550712D5A15C000C8B31A /* SwiftyUITests.xctest */,
			);
			name = Products;
			sourceTree = "<group>";
		};
/* End PBXGroup section */

/* Begin PBXNativeTarget section */
		52B550562D5A15BF00C8B31A /* Swifty */ = {
			isa = PBXNativeTarget;
			buildConfigurationList = 52B5507B2D5A15C000C8B31A /* Build configuration list for PBXNativeTarget "Swifty" */;
			buildPhases = (
				52B550532D5A15BF00C8B31A /* Sources */,
				52B550542D5A15BF00C8B31A /* Frameworks */,
				52B550552D5A15BF00C8B31A /* Resources */,
			);
			buildRules = (
			);
			dependencies = (
			);
			fileSystemSynchronizedGroups = (
				52B550592D5A15BF00C8B31A /* AFPapp */,
			);
			name = Swifty;
			packageProductDependencies = (
				522628472D636D4E004C37B0 /* FirebaseAnalytics */,
				522628492D636D4E004C37B0 /* FirebaseAnalyticsOnDeviceConversion */,
				5226284B2D636D4E004C37B0 /* FirebaseAnalyticsWithoutAdIdSupport */,
				5226284D2D636D4E004C37B0 /* FirebaseAppCheck */,
				5226284F2D636D4E004C37B0 /* FirebaseAppDistribution-Beta */,
				522628922D636F7F004C37B0 /* FirebaseAuth */,
				522628942D636F7F004C37B0 /* FirebaseCore */,
				522628962D636F7F004C37B0 /* FirebaseFirestore */,
				522628982D636F7F004C37B0 /* FirebaseStorage */,
			);
			productName = AFPapp;
			productReference = 52B550572D5A15BF00C8B31A /* Swifty.app */;
			productType = "com.apple.product-type.application";
		};
		52B550662D5A15C000C8B31A /* SwiftyTests */ = {
			isa = PBXNativeTarget;
			buildConfigurationList = 52B5507E2D5A15C000C8B31A /* Build configuration list for PBXNativeTarget "SwiftyTests" */;
			buildPhases = (
				52B550632D5A15C000C8B31A /* Sources */,
				52B550642D5A15C000C8B31A /* Frameworks */,
				52B550652D5A15C000C8B31A /* Resources */,
			);
			buildRules = (
			);
			dependencies = (
				52B550692D5A15C000C8B31A /* PBXTargetDependency */,
			);
			fileSystemSynchronizedGroups = (
				52B5506A2D5A15C000C8B31A /* AFPappTests */,
			);
			name = SwiftyTests;
			packageProductDependencies = (
			);
			productName = AFPappTests;
			productReference = 52B550672D5A15C000C8B31A /* SwiftyTests.xctest */;
			productType = "com.apple.product-type.bundle.unit-test";
		};
		52B550702D5A15C000C8B31A /* SwiftyUITests */ = {
			isa = PBXNativeTarget;
			buildConfigurationList = 52B550812D5A15C000C8B31A /* Build configuration list for PBXNativeTarget "SwiftyUITests" */;
			buildPhases = (
				52B5506D2D5A15C000C8B31A /* Sources */,
				52B5506E2D5A15C000C8B31A /* Frameworks */,
				52B5506F2D5A15C000C8B31A /* Resources */,
			);
			buildRules = (
			);
			dependencies = (
				52B550732D5A15C000C8B31A /* PBXTargetDependency */,
			);
			fileSystemSynchronizedGroups = (
				52B550742D5A15C000C8B31A /* AFPappUITests */,
			);
			name = SwiftyUITests;
			packageProductDependencies = (
			);
			productName = AFPappUITests;
			productReference = 52B550712D5A15C000C8B31A /* SwiftyUITests.xctest */;
			productType = "com.apple.product-type.bundle.ui-testing";
		};
/* End PBXNativeTarget section */

/* Begin PBXProject section */
		52B5504F2D5A15BF00C8B31A /* Project object */ = {
			isa = PBXProject;
			attributes = {
				BuildIndependentTargetsInParallel = 1;
				LastSwiftUpdateCheck = 1620;
				LastUpgradeCheck = 1620;
				TargetAttributes = {
					52B550562D5A15BF00C8B31A = {
						CreatedOnToolsVersion = 16.2;
					};
					52B550662D5A15C000C8B31A = {
						CreatedOnToolsVersion = 16.2;
						TestTargetID = 52B550562D5A15BF00C8B31A;
					};
					52B550702D5A15C000C8B31A = {
						CreatedOnToolsVersion = 16.2;
						TestTargetID = 52B550562D5A15BF00C8B31A;
					};
				};
			};
			buildConfigurationList = 52B550522D5A15BF00C8B31A /* Build configuration list for PBXProject "Swifty" */;
			developmentRegion = en;
			hasScannedForEncodings = 0;
			knownRegions = (
				en,
				Base,
			);
			mainGroup = 52B5504E2D5A15BF00C8B31A;
			minimizedProjectReferenceProxies = 1;
			packageReferences = (
				522628462D636D4E004C37B0 /* XCRemoteSwiftPackageReference "firebase-ios-sdk" */,
			);
			preferredProjectObjectVersion = 77;
			productRefGroup = 52B550582D5A15BF00C8B31A /* Products */;
			projectDirPath = "";
			projectRoot = "";
			targets = (
				52B550562D5A15BF00C8B31A /* Swifty */,
				52B550662D5A15C000C8B31A /* SwiftyTests */,
				52B550702D5A15C000C8B31A /* SwiftyUITests */,
			);
		};
/* End PBXProject section */

/* Begin PBXResourcesBuildPhase section */
		52B550552D5A15BF00C8B31A /* Resources */ = {
			isa = PBXResourcesBuildPhase;
			buildActionMask = 2147483647;
			files = (
			);
			runOnlyForDeploymentPostprocessing = 0;
		};
		52B550652D5A15C000C8B31A /* Resources */ = {
			isa = PBXResourcesBuildPhase;
			buildActionMask = 2147483647;
			files = (
			);
			runOnlyForDeploymentPostprocessing = 0;
		};
		52B5506F2D5A15C000C8B31A /* Resources */ = {
			isa = PBXResourcesBuildPhase;
			buildActionMask = 2147483647;
			files = (
			);
			runOnlyForDeploymentPostprocessing = 0;
		};
/* End PBXResourcesBuildPhase section */

/* Begin PBXSourcesBuildPhase section */
		52B550532D5A15BF00C8B31A /* Sources */ = {
			isa = PBXSourcesBuildPhase;
			buildActionMask = 2147483647;
			files = (
			);
			runOnlyForDeploymentPostprocessing = 0;
		};
		52B550632D5A15C000C8B31A /* Sources */ = {
			isa = PBXSourcesBuildPhase;
			buildActionMask = 2147483647;
			files = (
			);
			runOnlyForDeploymentPostprocessing = 0;
		};
		52B5506D2D5A15C000C8B31A /* Sources */ = {
			isa = PBXSourcesBuildPhase;
			buildActionMask = 2147483647;
			files = (
			);
			runOnlyForDeploymentPostprocessing = 0;
		};
/* End PBXSourcesBuildPhase section */

/* Begin PBXTargetDependency section */
		52B550692D5A15C000C8B31A /* PBXTargetDependency */ = {
			isa = PBXTargetDependency;
			target = 52B550562D5A15BF00C8B31A /* Swifty */;
			targetProxy = 52B550682D5A15C000C8B31A /* PBXContainerItemProxy */;
		};
		52B550732D5A15C000C8B31A /* PBXTargetDependency */ = {
			isa = PBXTargetDependency;
			target = 52B550562D5A15BF00C8B31A /* Swifty */;
			targetProxy = 52B550722D5A15C000C8B31A /* PBXContainerItemProxy */;
		};
/* End PBXTargetDependency section */

/* Begin XCBuildConfiguration section */
		52B550792D5A15C000C8B31A /* Debug */ = {
			isa = XCBuildConfiguration;
			buildSettings = {
				ALWAYS_SEARCH_USER_PATHS = NO;
				ASSETCATALOG_COMPILER_GENERATE_SWIFT_ASSET_SYMBOL_EXTENSIONS = YES;
				CLANG_ANALYZER_NONNULL = YES;
				CLANG_ANALYZER_NUMBER_OBJECT_CONVERSION = YES_AGGRESSIVE;
				CLANG_CXX_LANGUAGE_STANDARD = "gnu++20";
				CLANG_ENABLE_MODULES = YES;
				CLANG_ENABLE_OBJC_ARC = YES;
				CLANG_ENABLE_OBJC_WEAK = YES;
				CLANG_WARN_BLOCK_CAPTURE_AUTORELEASING = YES;
				CLANG_WARN_BOOL_CONVERSION = YES;
				CLANG_WARN_COMMA = YES;
				CLANG_WARN_CONSTANT_CONVERSION = YES;
				CLANG_WARN_DEPRECATED_OBJC_IMPLEMENTATIONS = YES;
				CLANG_WARN_DIRECT_OBJC_ISA_USAGE = YES_ERROR;
				CLANG_WARN_DOCUMENTATION_COMMENTS = YES;
				CLANG_WARN_EMPTY_BODY = YES;
				CLANG_WARN_ENUM_CONVERSION = YES;
				CLANG_WARN_INFINITE_RECURSION = YES;
				CLANG_WARN_INT_CONVERSION = YES;
				CLANG_WARN_NON_LITERAL_NULL_CONVERSION = YES;
				CLANG_WARN_OBJC_IMPLICIT_RETAIN_SELF = YES;
				CLANG_WARN_OBJC_LITERAL_CONVERSION = YES;
				CLANG_WARN_OBJC_ROOT_CLASS = YES_ERROR;
				CLANG_WARN_QUOTED_INCLUDE_IN_FRAMEWORK_HEADER = YES;
				CLANG_WARN_RANGE_LOOP_ANALYSIS = YES;
				CLANG_WARN_STRICT_PROTOTYPES = YES;
				CLANG_WARN_SUSPICIOUS_MOVE = YES;
				CLANG_WARN_UNGUARDED_AVAILABILITY = YES_AGGRESSIVE;
				CLANG_WARN_UNREACHABLE_CODE = YES;
				CLANG_WARN__DUPLICATE_METHOD_MATCH = YES;
				COPY_PHASE_STRIP = NO;
				DEBUG_INFORMATION_FORMAT = dwarf;
				ENABLE_STRICT_OBJC_MSGSEND = YES;
				ENABLE_TESTABILITY = YES;
				ENABLE_USER_SCRIPT_SANDBOXING = YES;
				GCC_C_LANGUAGE_STANDARD = gnu17;
				GCC_DYNAMIC_NO_PIC = NO;
				GCC_NO_COMMON_BLOCKS = YES;
				GCC_OPTIMIZATION_LEVEL = 0;
				GCC_PREPROCESSOR_DEFINITIONS = (
					"DEBUG=1",
					"$(inherited)",
				);
				GCC_WARN_64_TO_32_BIT_CONVERSION = YES;
				GCC_WARN_ABOUT_RETURN_TYPE = YES_ERROR;
				GCC_WARN_UNDECLARED_SELECTOR = YES;
				GCC_WARN_UNINITIALIZED_AUTOS = YES_AGGRESSIVE;
				GCC_WARN_UNUSED_FUNCTION = YES;
				GCC_WARN_UNUSED_VARIABLE = YES;
				IPHONEOS_DEPLOYMENT_TARGET = 18.2;
				LOCALIZATION_PREFERS_STRING_CATALOGS = YES;
				MTL_ENABLE_DEBUG_INFO = INCLUDE_SOURCE;
				MTL_FAST_MATH = YES;
				ONLY_ACTIVE_ARCH = YES;
				SDKROOT = iphoneos;
				SWIFT_ACTIVE_COMPILATION_CONDITIONS = "DEBUG $(inherited)";
				SWIFT_OPTIMIZATION_LEVEL = "-Onone";
			};
			name = Debug;
		};
		52B5507A2D5A15C000C8B31A /* Release */ = {
			isa = XCBuildConfiguration;
			buildSettings = {
				ALWAYS_SEARCH_USER_PATHS = NO;
				ASSETCATALOG_COMPILER_GENERATE_SWIFT_ASSET_SYMBOL_EXTENSIONS = YES;
				CLANG_ANALYZER_NONNULL = YES;
				CLANG_ANALYZER_NUMBER_OBJECT_CONVERSION = YES_AGGRESSIVE;
				CLANG_CXX_LANGUAGE_STANDARD = "gnu++20";
				CLANG_ENABLE_MODULES = YES;
				CLANG_ENABLE_OBJC_ARC = YES;
				CLANG_ENABLE_OBJC_WEAK = YES;
				CLANG_WARN_BLOCK_CAPTURE_AUTORELEASING = YES;
				CLANG_WARN_BOOL_CONVERSION = YES;
				CLANG_WARN_COMMA = YES;
				CLANG_WARN_CONSTANT_CONVERSION = YES;
				CLANG_WARN_DEPRECATED_OBJC_IMPLEMENTATIONS = YES;
				CLANG_WARN_DIRECT_OBJC_ISA_USAGE = YES_ERROR;
				CLANG_WARN_DOCUMENTATION_COMMENTS = YES;
				CLANG_WARN_EMPTY_BODY = YES;
				CLANG_WARN_ENUM_CONVERSION = YES;
				CLANG_WARN_INFINITE_RECURSION = YES;
				CLANG_WARN_INT_CONVERSION = YES;
				CLANG_WARN_NON_LITERAL_NULL_CONVERSION = YES;
				CLANG_WARN_OBJC_IMPLICIT_RETAIN_SELF = YES;
				CLANG_WARN_OBJC_LITERAL_CONVERSION = YES;
				CLANG_WARN_OBJC_ROOT_CLASS = YES_ERROR;
				CLANG_WARN_QUOTED_INCLUDE_IN_FRAMEWORK_HEADER = YES;
				CLANG_WARN_RANGE_LOOP_ANALYSIS = YES;
				CLANG_WARN_STRICT_PROTOTYPES = YES;
				CLANG_WARN_SUSPICIOUS_MOVE = YES;
				CLANG_WARN_UNGUARDED_AVAILABILITY = YES_AGGRESSIVE;
				CLANG_WARN_UNREACHABLE_CODE = YES;
				CLANG_WARN__DUPLICATE_METHOD_MATCH = YES;
				COPY_PHASE_STRIP = NO;
				DEBUG_INFORMATION_FORMAT = "dwarf-with-dsym";
				ENABLE_NS_ASSERTIONS = NO;
				ENABLE_STRICT_OBJC_MSGSEND = YES;
				ENABLE_USER_SCRIPT_SANDBOXING = YES;
				GCC_C_LANGUAGE_STANDARD = gnu17;
				GCC_NO_COMMON_BLOCKS = YES;
				GCC_WARN_64_TO_32_BIT_CONVERSION = YES;
				GCC_WARN_ABOUT_RETURN_TYPE = YES_ERROR;
				GCC_WARN_UNDECLARED_SELECTOR = YES;
				GCC_WARN_UNINITIALIZED_AUTOS = YES_AGGRESSIVE;
				GCC_WARN_UNUSED_FUNCTION = YES;
				GCC_WARN_UNUSED_VARIABLE = YES;
				IPHONEOS_DEPLOYMENT_TARGET = 18.2;
				LOCALIZATION_PREFERS_STRING_CATALOGS = YES;
				MTL_ENABLE_DEBUG_INFO = NO;
				MTL_FAST_MATH = YES;
				SDKROOT = iphoneos;
				SWIFT_COMPILATION_MODE = wholemodule;
				VALIDATE_PRODUCT = YES;
			};
			name = Release;
		};
		52B5507C2D5A15C000C8B31A /* Debug */ = {
			isa = XCBuildConfiguration;
			buildSettings = {
				ASSETCATALOG_COMPILER_APPICON_NAME = AppIcon;
				ASSETCATALOG_COMPILER_GLOBAL_ACCENT_COLOR_NAME = AccentColor;
				CODE_SIGN_STYLE = Automatic;
				CURRENT_PROJECT_VERSION = 1;
				DEVELOPMENT_ASSET_PATHS = "\"AFPapp/Preview Content\"";
				DEVELOPMENT_TEAM = 6VKZ7PQV5R;
				ENABLE_PREVIEWS = YES;
				GENERATE_INFOPLIST_FILE = YES;
				INFOPLIST_KEY_UIApplicationSceneManifest_Generation = YES;
				INFOPLIST_KEY_UIApplicationSupportsIndirectInputEvents = YES;
				INFOPLIST_KEY_UILaunchScreen_Generation = YES;
				INFOPLIST_KEY_UILaunchStoryboardName = "Launch Screen.storyboard";
				INFOPLIST_KEY_UISupportedInterfaceOrientations_iPad = "UIInterfaceOrientationPortrait UIInterfaceOrientationPortraitUpsideDown UIInterfaceOrientationLandscapeLeft UIInterfaceOrientationLandscapeRight";
				INFOPLIST_KEY_UISupportedInterfaceOrientations_iPhone = "UIInterfaceOrientationPortrait UIInterfaceOrientationLandscapeLeft UIInterfaceOrientationLandscapeRight";
				LD_RUNPATH_SEARCH_PATHS = (
					"$(inherited)",
					"@executable_path/Frameworks",
				);
				MARKETING_VERSION = 1.0;
				PRODUCT_BUNDLE_IDENTIFIER = it.afpteam.Swifty1;
				PRODUCT_NAME = "$(TARGET_NAME)";
				SWIFT_EMIT_LOC_STRINGS = YES;
				SWIFT_VERSION = 5.0;
				TARGETED_DEVICE_FAMILY = "1,2";
			};
			name = Debug;
		};
		52B5507D2D5A15C000C8B31A /* Release */ = {
			isa = XCBuildConfiguration;
			buildSettings = {
				ASSETCATALOG_COMPILER_APPICON_NAME = AppIcon;
				ASSETCATALOG_COMPILER_GLOBAL_ACCENT_COLOR_NAME = AccentColor;
				CODE_SIGN_STYLE = Automatic;
				CURRENT_PROJECT_VERSION = 1;
				DEVELOPMENT_ASSET_PATHS = "\"AFPapp/Preview Content\"";
				DEVELOPMENT_TEAM = 6VKZ7PQV5R;
				ENABLE_PREVIEWS = YES;
				GENERATE_INFOPLIST_FILE = YES;
				INFOPLIST_KEY_UIApplicationSceneManifest_Generation = YES;
				INFOPLIST_KEY_UIApplicationSupportsIndirectInputEvents = YES;
				INFOPLIST_KEY_UILaunchScreen_Generation = YES;
				INFOPLIST_KEY_UILaunchStoryboardName = "Launch Screen.storyboard";
				INFOPLIST_KEY_UISupportedInterfaceOrientations_iPad = "UIInterfaceOrientationPortrait UIInterfaceOrientationPortraitUpsideDown UIInterfaceOrientationLandscapeLeft UIInterfaceOrientationLandscapeRight";
				INFOPLIST_KEY_UISupportedInterfaceOrientations_iPhone = "UIInterfaceOrientationPortrait UIInterfaceOrientationLandscapeLeft UIInterfaceOrientationLandscapeRight";
				LD_RUNPATH_SEARCH_PATHS = (
					"$(inherited)",
					"@executable_path/Frameworks",
				);
				MARKETING_VERSION = 1.0;
				PRODUCT_BUNDLE_IDENTIFIER = it.afpteam.Swifty1;
				PRODUCT_NAME = "$(TARGET_NAME)";
				SWIFT_EMIT_LOC_STRINGS = YES;
				SWIFT_VERSION = 5.0;
				TARGETED_DEVICE_FAMILY = "1,2";
			};
			name = Release;
		};
		52B5507F2D5A15C000C8B31A /* Debug */ = {
			isa = XCBuildConfiguration;
			buildSettings = {
				BUNDLE_LOADER = "$(TEST_HOST)";
				CODE_SIGN_STYLE = Automatic;
				CURRENT_PROJECT_VERSION = 1;
				GENERATE_INFOPLIST_FILE = YES;
				IPHONEOS_DEPLOYMENT_TARGET = 18.2;
				MARKETING_VERSION = 1.0;
				PRODUCT_BUNDLE_IDENTIFIER = it.afpteam.AFPappTests;
				PRODUCT_NAME = "$(TARGET_NAME)";
				SWIFT_EMIT_LOC_STRINGS = NO;
				SWIFT_VERSION = 5.0;
				TARGETED_DEVICE_FAMILY = "1,2";
				TEST_HOST = "$(BUILT_PRODUCTS_DIR)/Swifty.app/$(BUNDLE_EXECUTABLE_FOLDER_PATH)/Swifty";
			};
			name = Debug;
		};
		52B550802D5A15C000C8B31A /* Release */ = {
			isa = XCBuildConfiguration;
			buildSettings = {
				BUNDLE_LOADER = "$(TEST_HOST)";
				CODE_SIGN_STYLE = Automatic;
				CURRENT_PROJECT_VERSION = 1;
				GENERATE_INFOPLIST_FILE = YES;
				IPHONEOS_DEPLOYMENT_TARGET = 18.2;
				MARKETING_VERSION = 1.0;
				PRODUCT_BUNDLE_IDENTIFIER = it.afpteam.AFPappTests;
				PRODUCT_NAME = "$(TARGET_NAME)";
				SWIFT_EMIT_LOC_STRINGS = NO;
				SWIFT_VERSION = 5.0;
				TARGETED_DEVICE_FAMILY = "1,2";
				TEST_HOST = "$(BUILT_PRODUCTS_DIR)/Swifty.app/$(BUNDLE_EXECUTABLE_FOLDER_PATH)/Swifty";
			};
			name = Release;
		};
		52B550822D5A15C000C8B31A /* Debug */ = {
			isa = XCBuildConfiguration;
			buildSettings = {
				CODE_SIGN_STYLE = Automatic;
				CURRENT_PROJECT_VERSION = 1;
				GENERATE_INFOPLIST_FILE = YES;
				MARKETING_VERSION = 1.0;
				PRODUCT_BUNDLE_IDENTIFIER = it.afpteam.AFPappUITests;
				PRODUCT_NAME = "$(TARGET_NAME)";
				SWIFT_EMIT_LOC_STRINGS = NO;
				SWIFT_VERSION = 5.0;
				TARGETED_DEVICE_FAMILY = "1,2";
				TEST_TARGET_NAME = AFPapp;
			};
			name = Debug;
		};
		52B550832D5A15C000C8B31A /* Release */ = {
			isa = XCBuildConfiguration;
			buildSettings = {
				CODE_SIGN_STYLE = Automatic;
				CURRENT_PROJECT_VERSION = 1;
				GENERATE_INFOPLIST_FILE = YES;
				MARKETING_VERSION = 1.0;
				PRODUCT_BUNDLE_IDENTIFIER = it.afpteam.AFPappUITests;
				PRODUCT_NAME = "$(TARGET_NAME)";
				SWIFT_EMIT_LOC_STRINGS = NO;
				SWIFT_VERSION = 5.0;
				TARGETED_DEVICE_FAMILY = "1,2";
				TEST_TARGET_NAME = AFPapp;
			};
			name = Release;
		};
/* End XCBuildConfiguration section */

/* Begin XCConfigurationList section */
		52B550522D5A15BF00C8B31A /* Build configuration list for PBXProject "Swifty" */ = {
			isa = XCConfigurationList;
			buildConfigurations = (
				52B550792D5A15C000C8B31A /* Debug */,
				52B5507A2D5A15C000C8B31A /* Release */,
			);
			defaultConfigurationIsVisible = 0;
			defaultConfigurationName = Release;
		};
		52B5507B2D5A15C000C8B31A /* Build configuration list for PBXNativeTarget "Swifty" */ = {
			isa = XCConfigurationList;
			buildConfigurations = (
				52B5507C2D5A15C000C8B31A /* Debug */,
				52B5507D2D5A15C000C8B31A /* Release */,
			);
			defaultConfigurationIsVisible = 0;
			defaultConfigurationName = Release;
		};
		52B5507E2D5A15C000C8B31A /* Build configuration list for PBXNativeTarget "SwiftyTests" */ = {
			isa = XCConfigurationList;
			buildConfigurations = (
				52B5507F2D5A15C000C8B31A /* Debug */,
				52B550802D5A15C000C8B31A /* Release */,
			);
			defaultConfigurationIsVisible = 0;
			defaultConfigurationName = Release;
		};
		52B550812D5A15C000C8B31A /* Build configuration list for PBXNativeTarget "SwiftyUITests" */ = {
			isa = XCConfigurationList;
			buildConfigurations = (
				52B550822D5A15C000C8B31A /* Debug */,
				52B550832D5A15C000C8B31A /* Release */,
			);
			defaultConfigurationIsVisible = 0;
			defaultConfigurationName = Release;
		};
/* End XCConfigurationList section */

/* Begin XCRemoteSwiftPackageReference section */
		522628462D636D4E004C37B0 /* XCRemoteSwiftPackageReference "firebase-ios-sdk" */ = {
			isa = XCRemoteSwiftPackageReference;
			repositoryURL = "https://github.com/firebase/firebase-ios-sdk";
			requirement = {
				kind = upToNextMajorVersion;
				minimumVersion = 11.8.1;
			};
		};
/* End XCRemoteSwiftPackageReference section */

/* Begin XCSwiftPackageProductDependency section */
		522628472D636D4E004C37B0 /* FirebaseAnalytics */ = {
			isa = XCSwiftPackageProductDependency;
			package = 522628462D636D4E004C37B0 /* XCRemoteSwiftPackageReference "firebase-ios-sdk" */;
			productName = FirebaseAnalytics;
		};
		522628492D636D4E004C37B0 /* FirebaseAnalyticsOnDeviceConversion */ = {
			isa = XCSwiftPackageProductDependency;
			package = 522628462D636D4E004C37B0 /* XCRemoteSwiftPackageReference "firebase-ios-sdk" */;
			productName = FirebaseAnalyticsOnDeviceConversion;
		};
		5226284B2D636D4E004C37B0 /* FirebaseAnalyticsWithoutAdIdSupport */ = {
			isa = XCSwiftPackageProductDependency;
			package = 522628462D636D4E004C37B0 /* XCRemoteSwiftPackageReference "firebase-ios-sdk" */;
			productName = FirebaseAnalyticsWithoutAdIdSupport;
		};
		5226284D2D636D4E004C37B0 /* FirebaseAppCheck */ = {
			isa = XCSwiftPackageProductDependency;
			package = 522628462D636D4E004C37B0 /* XCRemoteSwiftPackageReference "firebase-ios-sdk" */;
			productName = FirebaseAppCheck;
		};
		5226284F2D636D4E004C37B0 /* FirebaseAppDistribution-Beta */ = {
			isa = XCSwiftPackageProductDependency;
			package = 522628462D636D4E004C37B0 /* XCRemoteSwiftPackageReference "firebase-ios-sdk" */;
			productName = "FirebaseAppDistribution-Beta";
		};
		522628922D636F7F004C37B0 /* FirebaseAuth */ = {
			isa = XCSwiftPackageProductDependency;
			package = 522628462D636D4E004C37B0 /* XCRemoteSwiftPackageReference "firebase-ios-sdk" */;
			productName = FirebaseAuth;
		};
		522628942D636F7F004C37B0 /* FirebaseCore */ = {
			isa = XCSwiftPackageProductDependency;
			package = 522628462D636D4E004C37B0 /* XCRemoteSwiftPackageReference "firebase-ios-sdk" */;
			productName = FirebaseCore;
		};
		522628962D636F7F004C37B0 /* FirebaseFirestore */ = {
			isa = XCSwiftPackageProductDependency;
			package = 522628462D636D4E004C37B0 /* XCRemoteSwiftPackageReference "firebase-ios-sdk" */;
			productName = FirebaseFirestore;
		};
		522628982D636F7F004C37B0 /* FirebaseStorage */ = {
			isa = XCSwiftPackageProductDependency;
			package = 522628462D636D4E004C37B0 /* XCRemoteSwiftPackageReference "firebase-ios-sdk" */;
			productName = FirebaseStorage;
		};
/* End XCSwiftPackageProductDependency section */
	};
	rootObject = 52B5504F2D5A15BF00C8B31A /* Project object */;
}
